
Microsoft Visual Studio Solution File, Format Version 12.00
# Visual Studio Version 17
VisualStudioVersion = 17.4.33403.182
MinimumVisualStudioVersion = 10.0.40219.1
Project("{FAE04EC0-301F-11D3-BF4B-00C04F79EFBC}") = "PDFtoExcel2", "PDFtoExcel2\PDFtoExcel2.csproj", "{44790EC9-B9DE-48D1-AE1F-391C78C32CCF}"
EndProject
Global
	GlobalSection(SolutionConfigurationPlatforms) = preSolution
		Debug|Any CPU = Debug|Any CPU
		Release|Any CPU = Release|Any CPU
	EndGlobalSection
	GlobalSection(ProjectConfigurationPlatforms) = postSolution
		{44790EC9-B9DE-48D1-AE1F-391C78C32CCF}.Debug|Any CPU.ActiveCfg = Debug|Any CPU
		{44790EC9-B9DE-48D1-AE1F-391C78C32CCF}.Debug|Any CPU.Build.0 = Debug|Any CPU
		{44790EC9-B9DE-48D1-AE1F-391C78C32CCF}.Release|Any CPU.ActiveCfg = Release|Any CPU
		{44790EC9-B9DE-48D1-AE1F-391C78C32CCF}.Release|Any CPU.Build.0 = Release|Any CPU
	EndGlobalSection
	GlobalSection(SolutionProperties) = preSolution
		HideSolutionNode = FALSE
	EndGlobalSection
	GlobalSection(ExtensibilityGlobals) = postSolution
		SolutionGuid = {0E1A2ADD-C4BF-4EA1-AB47-718F6881C206}
	EndGlobalSection
EndGlobal
